
Microsoft Visual Studio Solution File, Format Version 12.00
# Visual Studio 14
VisualStudioVersion = 14.0.25420.1
MinimumVisualStudioVersion = 10.0.40219.1
Project("{FAE04EC0-301F-11D3-BF4B-00C04F79EFBC}") = "ReportsUI", "EagleReports\ReportsUI.csproj", "{4B5157DC-A066-4AC4-95C9-521C98FD7DA5}"
EndProject
Project("{FAE04EC0-301F-11D3-BF4B-00C04F79EFBC}") = "ReportsBusinessEntity", "ReportsBusinessEntity\ReportsBusinessEntity.csproj", "{EEEA4D9E-0603-4744-9A21-D3DEBD7F4345}"
EndProject
Project("{FAE04EC0-301F-11D3-BF4B-00C04F79EFBC}") = "ReportsBusinessLogic", "ReportsBusinessLogic\ReportsBusinessLogic.csproj", "{88BFA9C6-B855-4D86-B3E7-58F0459E34B5}"
EndProject
Project("{FAE04EC0-301F-11D3-BF4B-00C04F79EFBC}") = "ReportsDataAccess", "ReportsDataAccess\ReportsDataAccess.csproj", "{CB455D2F-ADC9-4E5F-8F4F-EC8002BBFC15}"
EndProject
Project("{FAE04EC0-301F-11D3-BF4B-00C04F79EFBC}") = "ReportsUtilitarios", "ReportsUtilitarios\ReportsUtilitarios.csproj", "{C5C4E95C-3620-44F7-B319-90A5B41A7583}"
EndProject
Global
	GlobalSection(SolutionConfigurationPlatforms) = preSolution
		Debug|Any CPU = Debug|Any CPU
		Release|Any CPU = Release|Any CPU
	EndGlobalSection
	GlobalSection(ProjectConfigurationPlatforms) = postSolution
		{4B5157DC-A066-4AC4-95C9-521C98FD7DA5}.Debug|Any CPU.ActiveCfg = Debug|Any CPU
		{4B5157DC-A066-4AC4-95C9-521C98FD7DA5}.Debug|Any CPU.Build.0 = Debug|Any CPU
		{4B5157DC-A066-4AC4-95C9-521C98FD7DA5}.Release|Any CPU.ActiveCfg = Release|Any CPU
		{4B5157DC-A066-4AC4-95C9-521C98FD7DA5}.Release|Any CPU.Build.0 = Release|Any CPU
		{EEEA4D9E-0603-4744-9A21-D3DEBD7F4345}.Debug|Any CPU.ActiveCfg = Debug|Any CPU
		{EEEA4D9E-0603-4744-9A21-D3DEBD7F4345}.Debug|Any CPU.Build.0 = Debug|Any CPU
		{EEEA4D9E-0603-4744-9A21-D3DEBD7F4345}.Release|Any CPU.ActiveCfg = Release|Any CPU
		{EEEA4D9E-0603-4744-9A21-D3DEBD7F4345}.Release|Any CPU.Build.0 = Release|Any CPU
		{88BFA9C6-B855-4D86-B3E7-58F0459E34B5}.Debug|Any CPU.ActiveCfg = Debug|Any CPU
		{88BFA9C6-B855-4D86-B3E7-58F0459E34B5}.Debug|Any CPU.Build.0 = Debug|Any CPU
		{88BFA9C6-B855-4D86-B3E7-58F0459E34B5}.Release|Any CPU.ActiveCfg = Release|Any CPU
		{88BFA9C6-B855-4D86-B3E7-58F0459E34B5}.Release|Any CPU.Build.0 = Release|Any CPU
		{CB455D2F-ADC9-4E5F-8F4F-EC8002BBFC15}.Debug|Any CPU.ActiveCfg = Debug|Any CPU
		{CB455D2F-ADC9-4E5F-8F4F-EC8002BBFC15}.Debug|Any CPU.Build.0 = Debug|Any CPU
		{CB455D2F-ADC9-4E5F-8F4F-EC8002BBFC15}.Release|Any CPU.ActiveCfg = Release|Any CPU
		{CB455D2F-ADC9-4E5F-8F4F-EC8002BBFC15}.Release|Any CPU.Build.0 = Release|Any CPU
		{C5C4E95C-3620-44F7-B319-90A5B41A7583}.Debug|Any CPU.ActiveCfg = Debug|Any CPU
		{C5C4E95C-3620-44F7-B319-90A5B41A7583}.Debug|Any CPU.Build.0 = Debug|Any CPU
		{C5C4E95C-3620-44F7-B319-90A5B41A7583}.Release|Any CPU.ActiveCfg = Release|Any CPU
		{C5C4E95C-3620-44F7-B319-90A5B41A7583}.Release|Any CPU.Build.0 = Release|Any CPU
	EndGlobalSection
	GlobalSection(SolutionProperties) = preSolution
		HideSolutionNode = FALSE
	EndGlobalSection
EndGlobal
